// !$*UTF8*$!
{
	archiveVersion = 1;
	classes = {
	};
	objectVersion = 46;
	objects = {

/* Begin PBXBuildFile section */
		260E2D7E1CA4A42B007C630C /* magnet.cpp in Sources */ = {isa = PBXBuildFile; fileRef = 260E2D7C1CA4A42B007C630C /* magnet.cpp */; };
		26101F5B1CA46E5B00DA2642 /* main.cpp in Sources */ = {isa = PBXBuildFile; fileRef = 26101F591CA46E5B00DA2642 /* main.cpp */; };
/* End PBXBuildFile section */

/* Begin PBXCopyFilesBuildPhase section */
		26101F4B1CA4412100DA2642 /* CopyFiles */ = {
			isa = PBXCopyFilesBuildPhase;
			buildActionMask = 2147483647;
			dstPath = /usr/share/man/man1/;
			dstSubfolderSpec = 0;
			files = (
			);
			runOnlyForDeploymentPostprocessing = 1;
		};
/* End PBXCopyFilesBuildPhase section */

/* Begin PBXFileReference section */
		260E2D7C1CA4A42B007C630C /* magnet.cpp */ = {isa = PBXFileReference; fileEncoding = 4; lastKnownFileType = sourcecode.cpp.cpp; path = magnet.cpp; sourceTree = "<group>"; };
		260E2D7F1CA4A441007C630C /* magnet.h */ = {isa = PBXFileReference; fileEncoding = 4; lastKnownFileType = sourcecode.c.h; path = magnet.h; sourceTree = "<group>"; };
		26101F4D1CA4412100DA2642 /* Physics Project 6 */ = {isa = PBXFileReference; explicitFileType = "compiled.mach-o.executable"; includeInIndex = 0; path = "Physics Project 6"; sourceTree = BUILT_PRODUCTS_DIR; };
		26101F591CA46E5B00DA2642 /* main.cpp */ = {isa = PBXFileReference; fileEncoding = 4; lastKnownFileType = sourcecode.cpp.cpp; path = main.cpp; sourceTree = "<group>"; };
/* End PBXFileReference section */

/* Begin PBXFrameworksBuildPhase section */
		26101F4A1CA4412100DA2642 /* Frameworks */ = {
			isa = PBXFrameworksBuildPhase;
			buildActionMask = 2147483647;
			files = (
			);
			runOnlyForDeploymentPostprocessing = 0;
		};
/* End PBXFrameworksBuildPhase section */

/* Begin PBXGroup section */
		26101F441CA4412100DA2642 = {
			isa = PBXGroup;
			children = (
				26101F4F1CA4412100DA2642 /* Physics Project 6 */,
				26101F4E1CA4412100DA2642 /* Products */,
			);
			sourceTree = "<group>";
		};
		26101F4E1CA4412100DA2642 /* Products */ = {
			isa = PBXGroup;
			children = (
				26101F4D1CA4412100DA2642 /* Physics Project 6 */,
			);
			name = Products;
			sourceTree = "<group>";
		};
		26101F4F1CA4412100DA2642 /* Physics Project 6 */ = {
			isa = PBXGroup;
			children = (
				260E2D7F1CA4A441007C630C /* magnet.h */,
				26101F591CA46E5B00DA2642 /* main.cpp */,
				260E2D7C1CA4A42B007C630C /* magnet.cpp */,
			);
			path = "Physics Project 6";
			sourceTree = "<group>";
		};
/* End PBXGroup section */

/* Begin PBXNativeTarget section */
		26101F4C1CA4412100DA2642 /* Physics Project 6 */ = {
			isa = PBXNativeTarget;
			buildConfigurationList = 26101F541CA4412100DA2642 /* Build configuration list for PBXNativeTarget "Physics Project 6" */;
			buildPhases = (
				26101F491CA4412100DA2642 /* Sources */,
				26101F4A1CA4412100DA2642 /* Frameworks */,
				26101F4B1CA4412100DA2642 /* CopyFiles */,
			);
			buildRules = (
			);
			dependencies = (
			);
			name = "Physics Project 6";
			productName = "Physics Project 6";
			productReference = 26101F4D1CA4412100DA2642 /* Physics Project 6 */;
			productType = "com.apple.product-type.tool";
		};
/* End PBXNativeTarget section */

/* Begin PBXProject section */
		26101F451CA4412100DA2642 /* Project object */ = {
			isa = PBXProject;
			attributes = {
				LastUpgradeCheck = 0720;
				ORGANIZATIONNAME = NinjaBandit;
				TargetAttributes = {
					26101F4C1CA4412100DA2642 = {
						CreatedOnToolsVersion = 7.2.1;
					};
				};
			};
			buildConfigurationList = 26101F481CA4412100DA2642 /* Build configuration list for PBXProject "Physics Project 6" */;
			compatibilityVersion = "Xcode 3.2";
			developmentRegion = English;
			hasScannedForEncodings = 0;
			knownRegions = (
				en,
			);
			mainGroup = 26101F441CA4412100DA2642;
			productRefGroup = 26101F4E1CA4412100DA2642 /* Products */;
			projectDirPath = "";
			projectRoot = "";
			targets = (
				26101F4C1CA4412100DA2642 /* Physics Project 6 */,
			);
		};
/* End PBXProject section */

/* Begin PBXSourcesBuildPhase section */
		26101F491CA4412100DA2642 /* Sources */ = {
			isa = PBXSourcesBuildPhase;
			buildActionMask = 2147483647;
			files = (
				26101F5B1CA46E5B00DA2642 /* main.cpp in Sources */,
				260E2D7E1CA4A42B007C630C /* magnet.cpp in Sources */,
			);
			runOnlyForDeploymentPostprocessing = 0;
		};
/* End PBXSourcesBuildPhase section */

/* Begin XCBuildConfiguration section */
		26101F521CA4412100DA2642 /* Debug */ = {
			isa = XCBuildConfiguration;
			buildSettings = {
				ALWAYS_SEARCH_USER_PATHS = NO;
				CLANG_CXX_LANGUAGE_STANDARD = "gnu++0x";
				CLANG_CXX_LIBRARY = "libc++";
				CLANG_ENABLE_MODULES = YES;
				CLANG_ENABLE_OBJC_ARC = YES;
				CLANG_WARN_BOOL_CONVERSION = YES;
				CLANG_WARN_CONSTANT_CONVERSION = YES;
				CLANG_WARN_DIRECT_OBJC_ISA_USAGE = YES_ERROR;
				CLANG_WARN_EMPTY_BODY = YES;
				CLANG_WARN_ENUM_CONVERSION = YES;
				CLANG_WARN_INT_CONVERSION = YES;
				CLANG_WARN_OBJC_ROOT_CLASS = YES_ERROR;
				CLANG_WARN_UNREACHABLE_CODE = YES;
				CLANG_WARN__DUPLICATE_METHOD_MATCH = YES;
				CODE_SIGN_IDENTITY = "-";
				COPY_PHASE_STRIP = NO;
				DEBUG_INFORMATION_FORMAT = dwarf;
				ENABLE_STRICT_OBJC_MSGSEND = YES;
				ENABLE_TESTABILITY = YES;
				GCC_C_LANGUAGE_STANDARD = gnu99;
				GCC_DYNAMIC_NO_PIC = NO;
				GCC_NO_COMMON_BLOCKS = YES;
				GCC_OPTIMIZATION_LEVEL = 0;
				GCC_PREPROCESSOR_DEFINITIONS = (
					"DEBUG=1",
					"$(inherited)",
				);
				GCC_WARN_64_TO_32_BIT_CONVERSION = YES;
				GCC_WARN_ABOUT_RETURN_TYPE = YES_ERROR;
				GCC_WARN_UNDECLARED_SELECTOR = YES;
				GCC_WARN_UNINITIALIZED_AUTOS = YES_AGGRESSIVE;
				GCC_WARN_UNUSED_FUNCTION = YES;
				GCC_WARN_UNUSED_VARIABLE = YES;
				MACOSX_DEPLOYMENT_TARGET = 10.11;
				MTL_ENABLE_DEBUG_INFO = YES;
				ONLY_ACTIVE_ARCH = YES;
				SDKROOT = macosx;
			};
			name = Debug;
		};
		26101F531CA4412100DA2642 /* Release */ = {
			isa = XCBuildConfiguration;
			buildSettings = {
				ALWAYS_SEARCH_USER_PATHS = NO;
				CLANG_CXX_LANGUAGE_STANDARD = "gnu++0x";
				CLANG_CXX_LIBRARY = "libc++";
				CLANG_ENABLE_MODULES = YES;
				CLANG_ENABLE_OBJC_ARC = YES;
				CLANG_WARN_BOOL_CONVERSION = YES;
				CLANG_WARN_CONSTANT_CONVERSION = YES;
				CLANG_WARN_DIRECT_OBJC_ISA_USAGE = YES_ERROR;
				CLANG_WARN_EMPTY_BODY = YES;
				CLANG_WARN_ENUM_CONVERSION = YES;
				CLANG_WARN_INT_CONVERSION = YES;
				CLANG_WARN_OBJC_ROOT_CLASS = YES_ERROR;
				CLANG_WARN_UNREACHABLE_CODE = YES;
				CLANG_WARN__DUPLICATE_METHOD_MATCH = YES;
				CODE_SIGN_IDENTITY = "-";
				COPY_PHASE_STRIP = NO;
				DEBUG_INFORMATION_FORMAT = "dwarf-with-dsym";
				ENABLE_NS_ASSERTIONS = NO;
				ENABLE_STRICT_OBJC_MSGSEND = YES;
				GCC_C_LANGUAGE_STANDARD = gnu99;
				GCC_NO_COMMON_BLOCKS = YES;
				GCC_WARN_64_TO_32_BIT_CONVERSION = YES;
				GCC_WARN_ABOUT_RETURN_TYPE = YES_ERROR;
				GCC_WARN_UNDECLARED_SELECTOR = YES;
				GCC_WARN_UNINITIALIZED_AUTOS = YES_AGGRESSIVE;
				GCC_WARN_UNUSED_FUNCTION = YES;
				GCC_WARN_UNUSED_VARIABLE = YES;
				MACOSX_DEPLOYMENT_TARGET = 10.11;
				MTL_ENABLE_DEBUG_INFO = NO;
				SDKROOT = macosx;
			};
			name = Release;
		};
		26101F551CA4412100DA2642 /* Debug */ = {
			isa = XCBuildConfiguration;
			buildSettings = {
				PRODUCT_NAME = "$(TARGET_NAME)";
			};
			name = Debug;
		};
		26101F561CA4412100DA2642 /* Release */ = {
			isa = XCBuildConfiguration;
			buildSettings = {
				PRODUCT_NAME = "$(TARGET_NAME)";
			};
			name = Release;
		};
/* End XCBuildConfiguration section */

/* Begin XCConfigurationList section */
		26101F481CA4412100DA2642 /* Build configuration list for PBXProject "Physics Project 6" */ = {
			isa = XCConfigurationList;
			buildConfigurations = (
				26101F521CA4412100DA2642 /* Debug */,
				26101F531CA4412100DA2642 /* Release */,
			);
			defaultConfigurationIsVisible = 0;
			defaultConfigurationName = Release;
		};
		26101F541CA4412100DA2642 /* Build configuration list for PBXNativeTarget "Physics Project 6" */ = {
			isa = XCConfigurationList;
			buildConfigurations = (
				26101F551CA4412100DA2642 /* Debug */,
				26101F561CA4412100DA2642 /* Release */,
			);
			defaultConfigurationIsVisible = 0;
			defaultConfigurationName = Release;
		};
/* End XCConfigurationList section */
	};
	rootObject = 26101F451CA4412100DA2642 /* Project object */;
}
